
Microsoft Visual Studio Solution File, Format Version 12.00
# Visual Studio Version 16
VisualStudioVersion = 16.0.32602.291
MinimumVisualStudioVersion = 10.0.40219.1
Project("{FAE04EC0-301F-11D3-BF4B-00C04F79EFBC}") = "NumericalMethods.Lab1", "NumericalMethods.Lab1.csproj", "{A72433E5-5C35-44B3-B2FD-725DCB914A60}"
EndProject
Global
	GlobalSection(SolutionConfigurationPlatforms) = preSolution
		Debug|Any CPU = Debug|Any CPU
		Release|Any CPU = Release|Any CPU
	EndGlobalSection
	GlobalSection(ProjectConfigurationPlatforms) = postSolution
		{A72433E5-5C35-44B3-B2FD-725DCB914A60}.Debug|Any CPU.ActiveCfg = Debug|Any CPU
		{A72433E5-5C35-44B3-B2FD-725DCB914A60}.Debug|Any CPU.Build.0 = Debug|Any CPU
		{A72433E5-5C35-44B3-B2FD-725DCB914A60}.Release|Any CPU.ActiveCfg = Release|Any CPU
		{A72433E5-5C35-44B3-B2FD-725DCB914A60}.Release|Any CPU.Build.0 = Release|Any CPU
	EndGlobalSection
	GlobalSection(SolutionProperties) = preSolution
		HideSolutionNode = FALSE
	EndGlobalSection
	GlobalSection(ExtensibilityGlobals) = postSolution
		SolutionGuid = {C7DE6807-F96B-499C-9362-184ECBF385D7}
	EndGlobalSection
EndGlobal
